Microsoft Visual Studio Solution File, Format Version 12.00
# Visual Studio Version 17
VisualStudioVersion = 17.9.34310.174
MinimumVisualStudioVersion = 10.0.40219.1
Project("{9A19103F-16F7-4668-BE54-9A1E7A4F7556}") = "WishListApp", "WishListApp\WishListApp.csproj", "{1E316D81-7BB3-4E29-8983-3E5116C1BD16}"
EndProject
Project("{9A19103F-16F7-4668-BE54-9A1E7A4F7556}") = "WishListApp.ProductCrawling", "WishListApp.ProductCrawling\WishListApp.ProductCrawling.csproj", "{3975F8AB-60B3-4810-8C34-CD7700CF7FA4}"
EndProject
Project("{9A19103F-16F7-4668-BE54-9A1E7A4F7556}") = "WishListApp.Data", "WishListApp.Data\WishListApp.Data.csproj", "{730E5A2E-D524-478F-9DB9-3C88E064CBB8}"
EndProject
Project("{2150E333-8FDC-42A3-9474-1A3956D46DE8}") = "Solution Items", "Solution Items", "{67819FE2-744A-41A5-A3DA-5B411992BCFA}"
	ProjectSection(SolutionItems) = preProject
		.editorconfig = .editorconfig
	EndProjectSection
EndProject
Project("{2150E333-8FDC-42A3-9474-1A3956D46DE8}") = "helm", "helm", "{0C5FE0A8-948C-4B2A-8389-A67FBF31AD99}"
EndProject
Project("{2150E333-8FDC-42A3-9474-1A3956D46DE8}") = "wishlist", "wishlist", "{70D4D72C-D8F4-47F4-9AD5-83E11B84DD64}"
	ProjectSection(SolutionItems) = preProject
		..\helm\wishlist\Chart.yaml = ..\helm\wishlist\Chart.yaml
		..\helm\wishlist\Readme.md = ..\helm\wishlist\Readme.md
		..\helm\wishlist\values.yaml = ..\helm\wishlist\values.yaml
	EndProjectSection
EndProject
Project("{2150E333-8FDC-42A3-9474-1A3956D46DE8}") = "templates", "templates", "{CB9078C7-59B9-4732-96F6-2399F31C9A97}"
	ProjectSection(SolutionItems) = preProject
		..\helm\wishlist\templates\app-deployment.yaml = ..\helm\wishlist\templates\app-deployment.yaml
		..\helm\wishlist\templates\app-ingress.yaml = ..\helm\wishlist\templates\app-ingress.yaml
		..\helm\wishlist\templates\app-service.yaml = ..\helm\wishlist\templates\app-service.yaml
		..\helm\wishlist\templates\mongodb-certificate.yaml = ..\helm\wishlist\templates\mongodb-certificate.yaml
		..\helm\wishlist\templates\mongodb-manifest.yaml = ..\helm\wishlist\templates\mongodb-manifest.yaml
		..\helm\wishlist\templates\mongodb-role.yaml = ..\helm\wishlist\templates\mongodb-role.yaml
		..\helm\wishlist\templates\mongodb-role-binding.yaml = ..\helm\wishlist\templates\mongodb-role-binding.yaml
		..\helm\wishlist\templates\mongodb-service-account.yaml = ..\helm\wishlist\templates\mongodb-service-account.yaml
	EndProjectSection
EndProject
Global
	GlobalSection(NestedProjects) = preSolution
		{70D4D72C-D8F4-47F4-9AD5-83E11B84DD64} = {0C5FE0A8-948C-4B2A-8389-A67FBF31AD99}
		{CB9078C7-59B9-4732-96F6-2399F31C9A97} = {70D4D72C-D8F4-47F4-9AD5-83E11B84DD64}
	EndGlobalSection
	GlobalSection(SolutionConfigurationPlatforms) = preSolution
		Debug|Any CPU = Debug|Any CPU
		Release|Any CPU = Release|Any CPU
	EndGlobalSection
	GlobalSection(ProjectConfigurationPlatforms) = postSolution
		{1E316D81-7BB3-4E29-8983-3E5116C1BD16}.Debug|Any CPU.ActiveCfg = Debug|Any CPU
		{1E316D81-7BB3-4E29-8983-3E5116C1BD16}.Debug|Any CPU.Build.0 = Debug|Any CPU
		{1E316D81-7BB3-4E29-8983-3E5116C1BD16}.Release|Any CPU.ActiveCfg = Release|Any CPU
		{1E316D81-7BB3-4E29-8983-3E5116C1BD16}.Release|Any CPU.Build.0 = Release|Any CPU
		{3975F8AB-60B3-4810-8C34-CD7700CF7FA4}.Debug|Any CPU.ActiveCfg = Debug|Any CPU
		{3975F8AB-60B3-4810-8C34-CD7700CF7FA4}.Debug|Any CPU.Build.0 = Debug|Any CPU
		{3975F8AB-60B3-4810-8C34-CD7700CF7FA4}.Release|Any CPU.ActiveCfg = Release|Any CPU
		{3975F8AB-60B3-4810-8C34-CD7700CF7FA4}.Release|Any CPU.Build.0 = Release|Any CPU
		{730E5A2E-D524-478F-9DB9-3C88E064CBB8}.Debug|Any CPU.ActiveCfg = Debug|Any CPU
		{730E5A2E-D524-478F-9DB9-3C88E064CBB8}.Debug|Any CPU.Build.0 = Debug|Any CPU
		{730E5A2E-D524-478F-9DB9-3C88E064CBB8}.Release|Any CPU.ActiveCfg = Release|Any CPU
		{730E5A2E-D524-478F-9DB9-3C88E064CBB8}.Release|Any CPU.Build.0 = Release|Any CPU
	EndGlobalSection
	GlobalSection(SolutionProperties) = preSolution
		HideSolutionNode = FALSE
	EndGlobalSection
	GlobalSection(ExtensibilityGlobals) = postSolution
		SolutionGuid = {C8786EAC-B873-4FC8-B5CA-4829B6774077}
	EndGlobalSection
EndGlobal
64CBB8}.Release|Any CPU.Build.0 = Release|Any CPU
	EndGlobalSection
	GlobalSection(SolutionProperties) = preSolution
		HideSolutionNode = FALSE
	EndGlobalSection
	GlobalSection(ExtensibilityGlobals) = postSolution
		SolutionGuid = {C8786EAC-B873-4FC8-B5CA-4829B6774077}
	EndGlobalSection
EndGlobal
5A2E-D524-478F-9DB9-3C88E064CBB8}.Debug|Any CPU.Build.0 = Debug|Any CPU
		{730E5A2E-D524-478F-9DB9-3C88E064CBB8}.Release|Any CPU.ActiveCfg = Release|Any CPU
		{730E5A2E-D524-478F-9DB9-3C88E064CBB8}.Release|Any CPU.Build.0 = Release|Any CPU
	EndGlobalSection
	GlobalSection(SolutionProperties) = preSolution
		HideSolutionNode = FALSE
	EndGlobalSection
	GlobalSection(ExtensibilityGlobals) = postSolution
		SolutionGuid = {C8786EAC-B873-4FC8-B5CA-4829B6774077}
	EndGlobalSection
EndGlobal
ny CPU
		{730E5A2E-D524-478F-9DB9-3C88E064CBB8}.Debug|Any CPU.Build.0 = Debug|Any CPU
		{730E5A2E-D524-478F-9DB9-3C88E064CBB8}.Release|Any CPU.ActiveCfg = Release|Any CPU
		{730E5A2E-D524-478F-9DB9-3C88E064CBB8}.Release|Any CPU.Build.0 = Release|Any CPU
	EndGlobalSection
	GlobalSection(SolutionProperties) = preSolution
		HideSolutionNode = FALSE
	EndGlobalSection
	GlobalSection(ExtensibilityGlobals) = postSolution
		SolutionGuid = {C8786EAC-B873-4FC8-B5CA-4829B6774077}
	EndGlobalSection
EndGlobal
